
Microsoft Visual Studio Solution File, Format Version 12.00
# Visual Studio Version 16
VisualStudioVersion = 16.0.29613.14
MinimumVisualStudioVersion = 10.0.40219.1
Project("{FAE04EC0-301F-11D3-BF4B-00C04F79EFBC}") = "Dhrutara.SpeechCommand", "Dhrutara.SpeechCommand\Dhrutara.SpeechCommand.csproj", "{803880FD-C88B-42BC-A7F6-989365A0D9AA}"
EndProject
Global
	GlobalSection(SolutionConfigurationPlatforms) = preSolution
		Debug|Any CPU = Debug|Any CPU
		Release|Any CPU = Release|Any CPU
	EndGlobalSection
	GlobalSection(ProjectConfigurationPlatforms) = postSolution
		{803880FD-C88B-42BC-A7F6-989365A0D9AA}.Debug|Any CPU.ActiveCfg = Debug|Any CPU
		{803880FD-C88B-42BC-A7F6-989365A0D9AA}.Debug|Any CPU.Build.0 = Debug|Any CPU
		{803880FD-C88B-42BC-A7F6-989365A0D9AA}.Debug|Any CPU.Deploy.0 = Debug|Any CPU
		{803880FD-C88B-42BC-A7F6-989365A0D9AA}.Release|Any CPU.ActiveCfg = Release|Any CPU
		{803880FD-C88B-42BC-A7F6-989365A0D9AA}.Release|Any CPU.Build.0 = Release|Any CPU
		{803880FD-C88B-42BC-A7F6-989365A0D9AA}.Release|Any CPU.Deploy.0 = Release|Any CPU
	EndGlobalSection
	GlobalSection(SolutionProperties) = preSolution
		HideSolutionNode = FALSE
	EndGlobalSection
	GlobalSection(ExtensibilityGlobals) = postSolution
		SolutionGuid = {C3A97598-F64A-4350-81B1-38BD5DC62A0A}
	EndGlobalSection
EndGlobal
